// !$*UTF8*$!
{
	archiveVersion = 1;
	classes = {
	};
	objectVersion = 56;
	objects = {

/* Begin PBXBuildFile section */
		FAE02DC32A8EAF7600170BBF /* AppleURLSchemeApp.swift in Sources */ = {isa = PBXBuildFile; fileRef = FAE02DC22A8EAF7600170BBF /* AppleURLSchemeApp.swift */; };
		FAE02DC52A8EAF7600170BBF /* ContentView.swift in Sources */ = {isa = PBXBuildFile; fileRef = FAE02DC42A8EAF7600170BBF /* ContentView.swift */; };
		FAE02DC72A8EAF7700170BBF /* Assets.xcassets in Resources */ = {isa = PBXBuildFile; fileRef = FAE02DC62A8EAF7700170BBF /* Assets.xcassets */; };
		FAE02DCA2A8EAF7700170BBF /* Preview Assets.xcassets in Resources */ = {isa = PBXBuildFile; fileRef = FAE02DC92A8EAF7700170BBF /* Preview Assets.xcassets */; };
		FAE02DD42A8EAF7700170BBF /* AppleURLSchemeTests.swift in Sources */ = {isa = PBXBuildFile; fileRef = FAE02DD32A8EAF7700170BBF /* AppleURLSchemeTests.swift */; };
		FAE02DDE2A8EAF7700170BBF /* AppleURLSchemeUITests.swift in Sources */ = {isa = PBXBuildFile; fileRef = FAE02DDD2A8EAF7700170BBF /* AppleURLSchemeUITests.swift */; };
		FAE02DE02A8EAF7700170BBF /* AppleURLSchemeUITestsLaunchTests.swift in Sources */ = {isa = PBXBuildFile; fileRef = FAE02DDF2A8EAF7700170BBF /* AppleURLSchemeUITestsLaunchTests.swift */; };
/* End PBXBuildFile section */

/* Begin PBXContainerItemProxy section */
		FAE02DD02A8EAF7700170BBF /* PBXContainerItemProxy */ = {
			isa = PBXContainerItemProxy;
			containerPortal = FAE02DB72A8EAF7600170BBF /* Project object */;
			proxyType = 1;
			remoteGlobalIDString = FAE02DBE2A8EAF7600170BBF;
			remoteInfo = AppleURLScheme;
		};
		FAE02DDA2A8EAF7700170BBF /* PBXContainerItemProxy */ = {
			isa = PBXContainerItemProxy;
			containerPortal = FAE02DB72A8EAF7600170BBF /* Project object */;
			proxyType = 1;
			remoteGlobalIDString = FAE02DBE2A8EAF7600170BBF;
			remoteInfo = AppleURLScheme;
		};
/* End PBXContainerItemProxy section */

/* Begin PBXFileReference section */
		FAE02DBF2A8EAF7600170BBF /* AppleURLScheme.app */ = {isa = PBXFileReference; explicitFileType = wrapper.application; includeInIndex = 0; path = AppleURLScheme.app; sourceTree = BUILT_PRODUCTS_DIR; };
		FAE02DC22A8EAF7600170BBF /* AppleURLSchemeApp.swift */ = {isa = PBXFileReference; lastKnownFileType = sourcecode.swift; path = AppleURLSchemeApp.swift; sourceTree = "<group>"; };
		FAE02DC42A8EAF7600170BBF /* ContentView.swift */ = {isa = PBXFileReference; lastKnownFileType = sourcecode.swift; path = ContentView.swift; sourceTree = "<group>"; };
		FAE02DC62A8EAF7700170BBF /* Assets.xcassets */ = {isa = PBXFileReference; lastKnownFileType = folder.assetcatalog; path = Assets.xcassets; sourceTree = "<group>"; };
		FAE02DC92A8EAF7700170BBF /* Preview Assets.xcassets */ = {isa = PBXFileReference; lastKnownFileType = folder.assetcatalog; path = "Preview Assets.xcassets"; sourceTree = "<group>"; };
		FAE02DCF2A8EAF7700170BBF /* AppleURLSchemeTests.xctest */ = {isa = PBXFileReference; explicitFileType = wrapper.cfbundle; includeInIndex = 0; path = AppleURLSchemeTests.xctest; sourceTree = BUILT_PRODUCTS_DIR; };
		FAE02DD32A8EAF7700170BBF /* AppleURLSchemeTests.swift */ = {isa = PBXFileReference; lastKnownFileType = sourcecode.swift; path = AppleURLSchemeTests.swift; sourceTree = "<group>"; };
		FAE02DD92A8EAF7700170BBF /* AppleURLSchemeUITests.xctest */ = {isa = PBXFileReference; explicitFileType = wrapper.cfbundle; includeInIndex = 0; path = AppleURLSchemeUITests.xctest; sourceTree = BUILT_PRODUCTS_DIR; };
		FAE02DDD2A8EAF7700170BBF /* AppleURLSchemeUITests.swift */ = {isa = PBXFileReference; lastKnownFileType = sourcecode.swift; path = AppleURLSchemeUITests.swift; sourceTree = "<group>"; };
		FAE02DDF2A8EAF7700170BBF /* AppleURLSchemeUITestsLaunchTests.swift */ = {isa = PBXFileReference; lastKnownFileType = sourcecode.swift; path = AppleURLSchemeUITestsLaunchTests.swift; sourceTree = "<group>"; };
/* End PBXFileReference section */

/* Begin PBXFrameworksBuildPhase section */
		FAE02DBC2A8EAF7600170BBF /* Frameworks */ = {
			isa = PBXFrameworksBuildPhase;
			buildActionMask = 2147483647;
			files = (
			);
			runOnlyForDeploymentPostprocessing = 0;
		};
		FAE02DCC2A8EAF7700170BBF /* Frameworks */ = {
			isa = PBXFrameworksBuildPhase;
			buildActionMask = 2147483647;
			files = (
			);
			runOnlyForDeploymentPostprocessing = 0;
		};
		FAE02DD62A8EAF7700170BBF /* Frameworks */ = {
			isa = PBXFrameworksBuildPhase;
			buildActionMask = 2147483647;
			files = (
			);
			runOnlyForDeploymentPostprocessing = 0;
		};
/* End PBXFrameworksBuildPhase section */

/* Begin PBXGroup section */
		FAE02DB62A8EAF7600170BBF = {
			isa = PBXGroup;
			children = (
				FAE02DC12A8EAF7600170BBF /* AppleURLScheme */,
				FAE02DD22A8EAF7700170BBF /* AppleURLSchemeTests */,
				FAE02DDC2A8EAF7700170BBF /* AppleURLSchemeUITests */,
				FAE02DC02A8EAF7600170BBF /* Products */,
			);
			sourceTree = "<group>";
		};
		FAE02DC02A8EAF7600170BBF /* Products */ = {
			isa = PBXGroup;
			children = (
				FAE02DBF2A8EAF7600170BBF /* AppleURLScheme.app */,
				FAE02DCF2A8EAF7700170BBF /* AppleURLSchemeTests.xctest */,
				FAE02DD92A8EAF7700170BBF /* AppleURLSchemeUITests.xctest */,
			);
			name = Products;
			sourceTree = "<group>";
		};
		FAE02DC12A8EAF7600170BBF /* AppleURLScheme */ = {
			isa = PBXGroup;
			children = (
				FAE02DC22A8EAF7600170BBF /* AppleURLSchemeApp.swift */,
				FAE02DC42A8EAF7600170BBF /* ContentView.swift */,
				FAE02DC62A8EAF7700170BBF /* Assets.xcassets */,
				FAE02DC82A8EAF7700170BBF /* Preview Content */,
			);
			path = AppleURLScheme;
			sourceTree = "<group>";
		};
		FAE02DC82A8EAF7700170BBF /* Preview Content */ = {
			isa = PBXGroup;
			children = (
				FAE02DC92A8EAF7700170BBF /* Preview Assets.xcassets */,
			);
			path = "Preview Content";
			sourceTree = "<group>";
		};
		FAE02DD22A8EAF7700170BBF /* AppleURLSchemeTests */ = {
			isa = PBXGroup;
			children = (
				FAE02DD32A8EAF7700170BBF /* AppleURLSchemeTests.swift */,
			);
			path = AppleURLSchemeTests;
			sourceTree = "<group>";
		};
		FAE02DDC2A8EAF7700170BBF /* AppleURLSchemeUITests */ = {
			isa = PBXGroup;
			children = (
				FAE02DDD2A8EAF7700170BBF /* AppleURLSchemeUITests.swift */,
				FAE02DDF2A8EAF7700170BBF /* AppleURLSchemeUITestsLaunchTests.swift */,
			);
			path = AppleURLSchemeUITests;
			sourceTree = "<group>";
		};
/* End PBXGroup section */

/* Begin PBXNativeTarget section */
		FAE02DBE2A8EAF7600170BBF /* AppleURLScheme */ = {
			isa = PBXNativeTarget;
			buildConfigurationList = FAE02DE32A8EAF7700170BBF /* Build configuration list for PBXNativeTarget "AppleURLScheme" */;
			buildPhases = (
				FAE02DBB2A8EAF7600170BBF /* Sources */,
				FAE02DBC2A8EAF7600170BBF /* Frameworks */,
				FAE02DBD2A8EAF7600170BBF /* Resources */,
			);
			buildRules = (
			);
			dependencies = (
			);
			name = AppleURLScheme;
			productName = AppleURLScheme;
			productReference = FAE02DBF2A8EAF7600170BBF /* AppleURLScheme.app */;
			productType = "com.apple.product-type.application";
		};
		FAE02DCE2A8EAF7700170BBF /* AppleURLSchemeTests */ = {
			isa = PBXNativeTarget;
			buildConfigurationList = FAE02DE62A8EAF7700170BBF /* Build configuration list for PBXNativeTarget "AppleURLSchemeTests" */;
			buildPhases = (
				FAE02DCB2A8EAF7700170BBF /* Sources */,
				FAE02DCC2A8EAF7700170BBF /* Frameworks */,
				FAE02DCD2A8EAF7700170BBF /* Resources */,
			);
			buildRules = (
			);
			dependencies = (
				FAE02DD12A8EAF7700170BBF /* PBXTargetDependency */,
			);
			name = AppleURLSchemeTests;
			productName = AppleURLSchemeTests;
			productReference = FAE02DCF2A8EAF7700170BBF /* AppleURLSchemeTests.xctest */;
			productType = "com.apple.product-type.bundle.unit-test";
		};
		FAE02DD82A8EAF7700170BBF /* AppleURLSchemeUITests */ = {
			isa = PBXNativeTarget;
			buildConfigurationList = FAE02DE92A8EAF7700170BBF /* Build configuration list for PBXNativeTarget "AppleURLSchemeUITests" */;
			buildPhases = (
				FAE02DD52A8EAF7700170BBF /* Sources */,
				FAE02DD62A8EAF7700170BBF /* Frameworks */,
				FAE02DD72A8EAF7700170BBF /* Resources */,
			);
			buildRules = (
			);
			dependencies = (
				FAE02DDB2A8EAF7700170BBF /* PBXTargetDependency */,
			);
			name = AppleURLSchemeUITests;
			productName = AppleURLSchemeUITests;
			productReference = FAE02DD92A8EAF7700170BBF /* AppleURLSchemeUITests.xctest */;
			productType = "com.apple.product-type.bundle.ui-testing";
		};
/* End PBXNativeTarget section */

/* Begin PBXProject section */
		FAE02DB72A8EAF7600170BBF /* Project object */ = {
			isa = PBXProject;
			attributes = {
				BuildIndependentTargetsInParallel = 1;
				LastSwiftUpdateCheck = 1410;
				LastUpgradeCheck = 1410;
				TargetAttributes = {
					FAE02DBE2A8EAF7600170BBF = {
						CreatedOnToolsVersion = 14.1;
					};
					FAE02DCE2A8EAF7700170BBF = {
						CreatedOnToolsVersion = 14.1;
						TestTargetID = FAE02DBE2A8EAF7600170BBF;
					};
					FAE02DD82A8EAF7700170BBF = {
						CreatedOnToolsVersion = 14.1;
						TestTargetID = FAE02DBE2A8EAF7600170BBF;
					};
				};
			};
			buildConfigurationList = FAE02DBA2A8EAF7600170BBF /* Build configuration list for PBXProject "AppleURLScheme" */;
			compatibilityVersion = "Xcode 14.0";
			developmentRegion = en;
			hasScannedForEncodings = 0;
			knownRegions = (
				en,
				Base,
			);
			mainGroup = FAE02DB62A8EAF7600170BBF;
			productRefGroup = FAE02DC02A8EAF7600170BBF /* Products */;
			projectDirPath = "";
			projectRoot = "";
			targets = (
				FAE02DBE2A8EAF7600170BBF /* AppleURLScheme */,
				FAE02DCE2A8EAF7700170BBF /* AppleURLSchemeTests */,
				FAE02DD82A8EAF7700170BBF /* AppleURLSchemeUITests */,
			);
		};
/* End PBXProject section */

/* Begin PBXResourcesBuildPhase section */
		FAE02DBD2A8EAF7600170BBF /* Resources */ = {
			isa = PBXResourcesBuildPhase;
			buildActionMask = 2147483647;
			files = (
				FAE02DCA2A8EAF7700170BBF /* Preview Assets.xcassets in Resources */,
				FAE02DC72A8EAF7700170BBF /* Assets.xcassets in Resources */,
			);
			runOnlyForDeploymentPostprocessing = 0;
		};
		FAE02DCD2A8EAF7700170BBF /* Resources */ = {
			isa = PBXResourcesBuildPhase;
			buildActionMask = 2147483647;
			files = (
			);
			runOnlyForDeploymentPostprocessing = 0;
		};
		FAE02DD72A8EAF7700170BBF /* Resources */ = {
			isa = PBXResourcesBuildPhase;
			buildActionMask = 2147483647;
			files = (
			);
			runOnlyForDeploymentPostprocessing = 0;
		};
/* End PBXResourcesBuildPhase section */

/* Begin PBXSourcesBuildPhase section */
		FAE02DBB2A8EAF7600170BBF /* Sources */ = {
			isa = PBXSourcesBuildPhase;
			buildActionMask = 2147483647;
			files = (
				FAE02DC52A8EAF7600170BBF /* ContentView.swift in Sources */,
				FAE02DC32A8EAF7600170BBF /* AppleURLSchemeApp.swift in Sources */,
			);
			runOnlyForDeploymentPostprocessing = 0;
		};
		FAE02DCB2A8EAF7700170BBF /* Sources */ = {
			isa = PBXSourcesBuildPhase;
			buildActionMask = 2147483647;
			files = (
				FAE02DD42A8EAF7700170BBF /* AppleURLSchemeTests.swift in Sources */,
			);
			runOnlyForDeploymentPostprocessing = 0;
		};
		FAE02DD52A8EAF7700170BBF /* Sources */ = {
			isa = PBXSourcesBuildPhase;
			buildActionMask = 2147483647;
			files = (
				FAE02DE02A8EAF7700170BBF /* AppleURLSchemeUITestsLaunchTests.swift in Sources */,
				FAE02DDE2A8EAF7700170BBF /* AppleURLSchemeUITests.swift in Sources */,
			);
			runOnlyForDeploymentPostprocessing = 0;
		};
/* End PBXSourcesBuildPhase section */

/* Begin PBXTargetDependency section */
		FAE02DD12A8EAF7700170BBF /* PBXTargetDependency */ = {
			isa = PBXTargetDependency;
			target = FAE02DBE2A8EAF7600170BBF /* AppleURLScheme */;
			targetProxy = FAE02DD02A8EAF7700170BBF /* PBXContainerItemProxy */;
		};
		FAE02DDB2A8EAF7700170BBF /* PBXTargetDependency */ = {
			isa = PBXTargetDependency;
			target = FAE02DBE2A8EAF7600170BBF /* AppleURLScheme */;
			targetProxy = FAE02DDA2A8EAF7700170BBF /* PBXContainerItemProxy */;
		};
/* End PBXTargetDependency section */

/* Begin XCBuildConfiguration section */
		FAE02DE12A8EAF7700170BBF /* Debug */ = {
			isa = XCBuildConfiguration;
			buildSettings = {
				ALWAYS_SEARCH_USER_PATHS = NO;
				CLANG_ANALYZER_NONNULL = YES;
				CLANG_ANALYZER_NUMBER_OBJECT_CONVERSION = YES_AGGRESSIVE;
				CLANG_CXX_LANGUAGE_STANDARD = "gnu++20";
				CLANG_ENABLE_MODULES = YES;
				CLANG_ENABLE_OBJC_ARC = YES;
				CLANG_ENABLE_OBJC_WEAK = YES;
				CLANG_WARN_BLOCK_CAPTURE_AUTORELEASING = YES;
				CLANG_WARN_BOOL_CONVERSION = YES;
				CLANG_WARN_COMMA = YES;
				CLANG_WARN_CONSTANT_CONVERSION = YES;
				CLANG_WARN_DEPRECATED_OBJC_IMPLEMENTATIONS = YES;
				CLANG_WARN_DIRECT_OBJC_ISA_USAGE = YES_ERROR;
				CLANG_WARN_DOCUMENTATION_COMMENTS = YES;
				CLANG_WARN_EMPTY_BODY = YES;
				CLANG_WARN_ENUM_CONVERSION = YES;
				CLANG_WARN_INFINITE_RECURSION = YES;
				CLANG_WARN_INT_CONVERSION = YES;
				CLANG_WARN_NON_LITERAL_NULL_CONVERSION = YES;
				CLANG_WARN_OBJC_IMPLICIT_RETAIN_SELF = YES;
				CLANG_WARN_OBJC_LITERAL_CONVERSION = YES;
				CLANG_WARN_OBJC_ROOT_CLASS = YES_ERROR;
				CLANG_WARN_QUOTED_INCLUDE_IN_FRAMEWORK_HEADER = YES;
				CLANG_WARN_RANGE_LOOP_ANALYSIS = YES;
				CLANG_WARN_STRICT_PROTOTYPES = YES;
				CLANG_WARN_SUSPICIOUS_MOVE = YES;
				CLANG_WARN_UNGUARDED_AVAILABILITY = YES_AGGRESSIVE;
				CLANG_WARN_UNREACHABLE_CODE = YES;
				CLANG_WARN__DUPLICATE_METHOD_MATCH = YES;
				COPY_PHASE_STRIP = NO;
				DEBUG_INFORMATION_FORMAT = dwarf;
				ENABLE_STRICT_OBJC_MSGSEND = YES;
				ENABLE_TESTABILITY = YES;
				GCC_C_LANGUAGE_STANDARD = gnu11;
				GCC_DYNAMIC_NO_PIC = NO;
				GCC_NO_COMMON_BLOCKS = YES;
				GCC_OPTIMIZATION_LEVEL = 0;
				GCC_PREPROCESSOR_DEFINITIONS = (
					"DEBUG=1",
					"$(inherited)",
				);
				GCC_WARN_64_TO_32_BIT_CONVERSION = YES;
				GCC_WARN_ABOUT_RETURN_TYPE = YES_ERROR;
				GCC_WARN_UNDECLARED_SELECTOR = YES;
				GCC_WARN_UNINITIALIZED_AUTOS = YES_AGGRESSIVE;
				GCC_WARN_UNUSED_FUNCTION = YES;
				GCC_WARN_UNUSED_VARIABLE = YES;
				IPHONEOS_DEPLOYMENT_TARGET = 16.1;
				MTL_ENABLE_DEBUG_INFO = INCLUDE_SOURCE;
				MTL_FAST_MATH = YES;
				ONLY_ACTIVE_ARCH = YES;
				SDKROOT = iphoneos;
				SWIFT_ACTIVE_COMPILATION_CONDITIONS = DEBUG;
				SWIFT_OPTIMIZATION_LEVEL = "-Onone";
			};
			name = Debug;
		};
		FAE02DE22A8EAF7700170BBF /* Release */ = {
			isa = XCBuildConfiguration;
			buildSettings = {
				ALWAYS_SEARCH_USER_PATHS = NO;
				CLANG_ANALYZER_NONNULL = YES;
				CLANG_ANALYZER_NUMBER_OBJECT_CONVERSION = YES_AGGRESSIVE;
				CLANG_CXX_LANGUAGE_STANDARD = "gnu++20";
				CLANG_ENABLE_MODULES = YES;
				CLANG_ENABLE_OBJC_ARC = YES;
				CLANG_ENABLE_OBJC_WEAK = YES;
				CLANG_WARN_BLOCK_CAPTURE_AUTORELEASING = YES;
				CLANG_WARN_BOOL_CONVERSION = YES;
				CLANG_WARN_COMMA = YES;
				CLANG_WARN_CONSTANT_CONVERSION = YES;
				CLANG_WARN_DEPRECATED_OBJC_IMPLEMENTATIONS = YES;
				CLANG_WARN_DIRECT_OBJC_ISA_USAGE = YES_ERROR;
				CLANG_WARN_DOCUMENTATION_COMMENTS = YES;
				CLANG_WARN_EMPTY_BODY = YES;
				CLANG_WARN_ENUM_CONVERSION = YES;
				CLANG_WARN_INFINITE_RECURSION = YES;
				CLANG_WARN_INT_CONVERSION = YES;
				CLANG_WARN_NON_LITERAL_NULL_CONVERSION = YES;
				CLANG_WARN_OBJC_IMPLICIT_RETAIN_SELF = YES;
				CLANG_WARN_OBJC_LITERAL_CONVERSION = YES;
				CLANG_WARN_OBJC_ROOT_CLASS = YES_ERROR;
				CLANG_WARN_QUOTED_INCLUDE_IN_FRAMEWORK_HEADER = YES;
				CLANG_WARN_RANGE_LOOP_ANALYSIS = YES;
				CLANG_WARN_STRICT_PROTOTYPES = YES;
				CLANG_WARN_SUSPICIOUS_MOVE = YES;
				CLANG_WARN_UNGUARDED_AVAILABILITY = YES_AGGRESSIVE;
				CLANG_WARN_UNREACHABLE_CODE = YES;
				CLANG_WARN__DUPLICATE_METHOD_MATCH = YES;
				COPY_PHASE_STRIP = NO;
				DEBUG_INFORMATION_FORMAT = "dwarf-with-dsym";
				ENABLE_NS_ASSERTIONS = NO;
				ENABLE_STRICT_OBJC_MSGSEND = YES;
				GCC_C_LANGUAGE_STANDARD = gnu11;
				GCC_NO_COMMON_BLOCKS = YES;
				GCC_WARN_64_TO_32_BIT_CONVERSION = YES;
				GCC_WARN_ABOUT_RETURN_TYPE = YES_ERROR;
				GCC_WARN_UNDECLARED_SELECTOR = YES;
				GCC_WARN_UNINITIALIZED_AUTOS = YES_AGGRESSIVE;
				GCC_WARN_UNUSED_FUNCTION = YES;
				GCC_WARN_UNUSED_VARIABLE = YES;
				IPHONEOS_DEPLOYMENT_TARGET = 16.1;
				MTL_ENABLE_DEBUG_INFO = NO;
				MTL_FAST_MATH = YES;
				SDKROOT = iphoneos;
				SWIFT_COMPILATION_MODE = wholemodule;
				SWIFT_OPTIMIZATION_LEVEL = "-O";
				VALIDATE_PRODUCT = YES;
			};
			name = Release;
		};
		FAE02DE42A8EAF7700170BBF /* Debug */ = {
			isa = XCBuildConfiguration;
			buildSettings = {
				ASSETCATALOG_COMPILER_APPICON_NAME = AppIcon;
				ASSETCATALOG_COMPILER_GLOBAL_ACCENT_COLOR_NAME = AccentColor;
				CODE_SIGN_STYLE = Automatic;
				CURRENT_PROJECT_VERSION = 1;
				DEVELOPMENT_ASSET_PATHS = "\"AppleURLScheme/Preview Content\"";
				DEVELOPMENT_TEAM = X95GJ3C4XU;
				ENABLE_PREVIEWS = YES;
				GENERATE_INFOPLIST_FILE = YES;
				INFOPLIST_KEY_UIApplicationSceneManifest_Generation = YES;
				INFOPLIST_KEY_UIApplicationSupportsIndirectInputEvents = YES;
				INFOPLIST_KEY_UILaunchScreen_Generation = YES;
				INFOPLIST_KEY_UISupportedInterfaceOrientations_iPad = "UIInterfaceOrientationPortrait UIInterfaceOrientationPortraitUpsideDown UIInterfaceOrientationLandscapeLeft UIInterfaceOrientationLandscapeRight";
				INFOPLIST_KEY_UISupportedInterfaceOrientations_iPhone = "UIInterfaceOrientationPortrait UIInterfaceOrientationLandscapeLeft UIInterfaceOrientationLandscapeRight";
				LD_RUNPATH_SEARCH_PATHS = (
					"$(inherited)",
					"@executable_path/Frameworks",
				);
				MARKETING_VERSION = 1.0;
				PRODUCT_BUNDLE_IDENTIFIER = com.mustafakilinc.AppleURLScheme;
				PRODUCT_NAME = "$(TARGET_NAME)";
				SWIFT_EMIT_LOC_STRINGS = YES;
				SWIFT_VERSION = 5.0;
				TARGETED_DEVICE_FAMILY = "1,2";
			};
			name = Debug;
		};
		FAE02DE52A8EAF7700170BBF /* Release */ = {
			isa = XCBuildConfiguration;
			buildSettings = {
				ASSETCATALOG_COMPILER_APPICON_NAME = AppIcon;
				ASSETCATALOG_COMPILER_GLOBAL_ACCENT_COLOR_NAME = AccentColor;
				CODE_SIGN_STYLE = Automatic;
				CURRENT_PROJECT_VERSION = 1;
				DEVELOPMENT_ASSET_PATHS = "\"AppleURLScheme/Preview Content\"";
				DEVELOPMENT_TEAM = X95GJ3C4XU;
				ENABLE_PREVIEWS = YES;
				GENERATE_INFOPLIST_FILE = YES;
				INFOPLIST_KEY_UIApplicationSceneManifest_Generation = YES;
				INFOPLIST_KEY_UIApplicationSupportsIndirectInputEvents = YES;
				INFOPLIST_KEY_UILaunchScreen_Generation = YES;
				INFOPLIST_KEY_UISupportedInterfaceOrientations_iPad = "UIInterfaceOrientationPortrait UIInterfaceOrientationPortraitUpsideDown UIInterfaceOrientationLandscapeLeft UIInterfaceOrientationLandscapeRight";
				INFOPLIST_KEY_UISupportedInterfaceOrientations_iPhone = "UIInterfaceOrientationPortrait UIInterfaceOrientationLandscapeLeft UIInterfaceOrientationLandscapeRight";
				LD_RUNPATH_SEARCH_PATHS = (
					"$(inherited)",
					"@executable_path/Frameworks",
				);
				MARKETING_VERSION = 1.0;
				PRODUCT_BUNDLE_IDENTIFIER = com.mustafakilinc.AppleURLScheme;
				PRODUCT_NAME = "$(TARGET_NAME)";
				SWIFT_EMIT_LOC_STRINGS = YES;
				SWIFT_VERSION = 5.0;
				TARGETED_DEVICE_FAMILY = "1,2";
			};
			name = Release;
		};
		FAE02DE72A8EAF7700170BBF /* Debug */ = {
			isa = XCBuildConfiguration;
			buildSettings = {
				ALWAYS_EMBED_SWIFT_STANDARD_LIBRARIES = YES;
				BUNDLE_LOADER = "$(TEST_HOST)";
				CODE_SIGN_STYLE = Automatic;
				CURRENT_PROJECT_VERSION = 1;
				GENERATE_INFOPLIST_FILE = YES;
				IPHONEOS_DEPLOYMENT_TARGET = 16.1;
				MARKETING_VERSION = 1.0;
				PRODUCT_BUNDLE_IDENTIFIER = com.mustafakilinc.AppleURLSchemeTests;
				PRODUCT_NAME = "$(TARGET_NAME)";
				SWIFT_EMIT_LOC_STRINGS = NO;
				SWIFT_VERSION = 5.0;
				TARGETED_DEVICE_FAMILY = "1,2";
				TEST_HOST = "$(BUILT_PRODUCTS_DIR)/AppleURLScheme.app/$(BUNDLE_EXECUTABLE_FOLDER_PATH)/AppleURLScheme";
			};
			name = Debug;
		};
		FAE02DE82A8EAF7700170BBF /* Release */ = {
			isa = XCBuildConfiguration;
			buildSettings = {
				ALWAYS_EMBED_SWIFT_STANDARD_LIBRARIES = YES;
				BUNDLE_LOADER = "$(TEST_HOST)";
				CODE_SIGN_STYLE = Automatic;
				CURRENT_PROJECT_VERSION = 1;
				GENERATE_INFOPLIST_FILE = YES;
				IPHONEOS_DEPLOYMENT_TARGET = 16.1;
				MARKETING_VERSION = 1.0;
				PRODUCT_BUNDLE_IDENTIFIER = com.mustafakilinc.AppleURLSchemeTests;
				PRODUCT_NAME = "$(TARGET_NAME)";
				SWIFT_EMIT_LOC_STRINGS = NO;
				SWIFT_VERSION = 5.0;
				TARGETED_DEVICE_FAMILY = "1,2";
				TEST_HOST = "$(BUILT_PRODUCTS_DIR)/AppleURLScheme.app/$(BUNDLE_EXECUTABLE_FOLDER_PATH)/AppleURLScheme";
			};
			name = Release;
		};
		FAE02DEA2A8EAF7700170BBF /* Debug */ = {
			isa = XCBuildConfiguration;
			buildSettings = {
				ALWAYS_EMBED_SWIFT_STANDARD_LIBRARIES = YES;
				CODE_SIGN_STYLE = Automatic;
				CURRENT_PROJECT_VERSION = 1;
				GENERATE_INFOPLIST_FILE = YES;
				MARKETING_VERSION = 1.0;
				PRODUCT_BUNDLE_IDENTIFIER = com.mustafakilinc.AppleURLSchemeUITests;
				PRODUCT_NAME = "$(TARGET_NAME)";
				SWIFT_EMIT_LOC_STRINGS = NO;
				SWIFT_VERSION = 5.0;
				TARGETED_DEVICE_FAMILY = "1,2";
				TEST_TARGET_NAME = AppleURLScheme;
			};
			name = Debug;
		};
		FAE02DEB2A8EAF7700170BBF /* Release */ = {
			isa = XCBuildConfiguration;
			buildSettings = {
				ALWAYS_EMBED_SWIFT_STANDARD_LIBRARIES = YES;
				CODE_SIGN_STYLE = Automatic;
				CURRENT_PROJECT_VERSION = 1;
				GENERATE_INFOPLIST_FILE = YES;
				MARKETING_VERSION = 1.0;
				PRODUCT_BUNDLE_IDENTIFIER = com.mustafakilinc.AppleURLSchemeUITests;
				PRODUCT_NAME = "$(TARGET_NAME)";
				SWIFT_EMIT_LOC_STRINGS = NO;
				SWIFT_VERSION = 5.0;
				TARGETED_DEVICE_FAMILY = "1,2";
				TEST_TARGET_NAME = AppleURLScheme;
			};
			name = Release;
		};
/* End XCBuildConfiguration section */

/* Begin XCConfigurationList section */
		FAE02DBA2A8EAF7600170BBF /* Build configuration list for PBXProject "AppleURLScheme" */ = {
			isa = XCConfigurationList;
			buildConfigurations = (
				FAE02DE12A8EAF7700170BBF /* Debug */,
				FAE02DE22A8EAF7700170BBF /* Release */,
			);
			defaultConfigurationIsVisible = 0;
			defaultConfigurationName = Release;
		};
		FAE02DE32A8EAF7700170BBF /* Build configuration list for PBXNativeTarget "AppleURLScheme" */ = {
			isa = XCConfigurationList;
			buildConfigurations = (
				FAE02DE42A8EAF7700170BBF /* Debug */,
				FAE02DE52A8EAF7700170BBF /* Release */,
			);
			defaultConfigurationIsVisible = 0;
			defaultConfigurationName = Release;
		};
		FAE02DE62A8EAF7700170BBF /* Build configuration list for PBXNativeTarget "AppleURLSchemeTests" */ = {
			isa = XCConfigurationList;
			buildConfigurations = (
				FAE02DE72A8EAF7700170BBF /* Debug */,
				FAE02DE82A8EAF7700170BBF /* Release */,
			);
			defaultConfigurationIsVisible = 0;
			defaultConfigurationName = Release;
		};
		FAE02DE92A8EAF7700170BBF /* Build configuration list for PBXNativeTarget "AppleURLSchemeUITests" */ = {
			isa = XCConfigurationList;
			buildConfigurations = (
				FAE02DEA2A8EAF7700170BBF /* Debug */,
				FAE02DEB2A8EAF7700170BBF /* Release */,
			);
			defaultConfigurationIsVisible = 0;
			defaultConfigurationName = Release;
		};
/* End XCConfigurationList section */
	};
	rootObject = FAE02DB72A8EAF7600170BBF /* Project object */;
}
